
Microsoft Visual Studio Solution File, Format Version 12.00
# Visual Studio Version 17
VisualStudioVersion = 17.11.35327.3
MinimumVisualStudioVersion = 10.0.40219.1
Project("{FAE04EC0-301F-11D3-BF4B-00C04F79EFBC}") = "Projekt-Restauracja", "Projekt-Restauracja\Projekt-Restauracja.csproj", "{21B5F4D3-4268-4C04-A696-FD561C7FA165}"
EndProject
Project("{FAE04EC0-301F-11D3-BF4B-00C04F79EFBC}") = "RestauracjaLib", "RestauracjaLib\RestauracjaLib.csproj", "{BBDAC83D-6356-109B-AA9D-E049F1039056}"
EndProject
Global
	GlobalSection(SolutionConfigurationPlatforms) = preSolution
		Debug|Any CPU = Debug|Any CPU
		Release|Any CPU = Release|Any CPU
	EndGlobalSection
	GlobalSection(ProjectConfigurationPlatforms) = postSolution
		{21B5F4D3-4268-4C04-A696-FD561C7FA165}.Debug|Any CPU.ActiveCfg = Debug|Any CPU
		{21B5F4D3-4268-4C04-A696-FD561C7FA165}.Debug|Any CPU.Build.0 = Debug|Any CPU
		{21B5F4D3-4268-4C04-A696-FD561C7FA165}.Release|Any CPU.ActiveCfg = Release|Any CPU
		{21B5F4D3-4268-4C04-A696-FD561C7FA165}.Release|Any CPU.Build.0 = Release|Any CPU
		{BBDAC83D-6356-109B-AA9D-E049F1039056}.Debug|Any CPU.ActiveCfg = Debug|Any CPU
		{BBDAC83D-6356-109B-AA9D-E049F1039056}.Debug|Any CPU.Build.0 = Debug|Any CPU
		{BBDAC83D-6356-109B-AA9D-E049F1039056}.Release|Any CPU.ActiveCfg = Release|Any CPU
		{BBDAC83D-6356-109B-AA9D-E049F1039056}.Release|Any CPU.Build.0 = Release|Any CPU
	EndGlobalSection
	GlobalSection(SolutionProperties) = preSolution
		HideSolutionNode = FALSE
	EndGlobalSection
	GlobalSection(ExtensibilityGlobals) = postSolution
		SolutionGuid = {24D27939-6175-48BB-A176-79388457AC3B}
	EndGlobalSection
EndGlobal
